
Microsoft Visual Studio Solution File, Format Version 12.00
# Visual Studio Version 17
VisualStudioVersion = 17.8.34322.80
MinimumVisualStudioVersion = 10.0.40219.1
Project("{FAE04EC0-301F-11D3-BF4B-00C04F79EFBC}") = "Gifter", "Gifter\Gifter.csproj", "{770FA839-9062-4251-88A8-C1A8452AE377}"
EndProject
Global
	GlobalSection(SolutionConfigurationPlatforms) = preSolution
		Debug|Any CPU = Debug|Any CPU
		Release|Any CPU = Release|Any CPU
	EndGlobalSection
	GlobalSection(ProjectConfigurationPlatforms) = postSolution
		{770FA839-9062-4251-88A8-C1A8452AE377}.Debug|Any CPU.ActiveCfg = Debug|Any CPU
		{770FA839-9062-4251-88A8-C1A8452AE377}.Debug|Any CPU.Build.0 = Debug|Any CPU
		{770FA839-9062-4251-88A8-C1A8452AE377}.Release|Any CPU.ActiveCfg = Release|Any CPU
		{770FA839-9062-4251-88A8-C1A8452AE377}.Release|Any CPU.Build.0 = Release|Any CPU
	EndGlobalSection
	GlobalSection(SolutionProperties) = preSolution
		HideSolutionNode = FALSE
	EndGlobalSection
	GlobalSection(ExtensibilityGlobals) = postSolution
		SolutionGuid = {FA6A8FC7-7F72-4501-8340-760FCBB60E85}
	EndGlobalSection
EndGlobal
